
Microsoft Visual Studio Solution File, Format Version 11.00
# Visual Studio 2010
Project("{8BC9CEB8-8B4A-11D0-8D11-00A0C91BC942}") = "fluid_vis", "fluid_vis\fluid_vis.vcxproj", "{2FA25989-A277-4DD4-B399-4CF2F38DC9C7}"
EndProject
Project("{8BC9CEB8-8B4A-11D0-8D11-00A0C91BC942}") = "main", "main\main.vcxproj", "{7A724B5F-06EA-420A-8AF9-1B84FECAA5B4}"
EndProject
Project("{8BC9CEB8-8B4A-11D0-8D11-00A0C91BC942}") = "test", "test\test.vcxproj", "{574ED6DA-E8F7-40FD-8E50-7099139D3FA0}"
EndProject
Global
	GlobalSection(SolutionConfigurationPlatforms) = preSolution
		Debug|Win32 = Debug|Win32
		Release|Win32 = Release|Win32
	EndGlobalSection
	GlobalSection(ProjectConfigurationPlatforms) = postSolution
		{2FA25989-A277-4DD4-B399-4CF2F38DC9C7}.Debug|Win32.ActiveCfg = Debug|Win32
		{2FA25989-A277-4DD4-B399-4CF2F38DC9C7}.Debug|Win32.Build.0 = Debug|Win32
		{2FA25989-A277-4DD4-B399-4CF2F38DC9C7}.Release|Win32.ActiveCfg = Release|Win32
		{2FA25989-A277-4DD4-B399-4CF2F38DC9C7}.Release|Win32.Build.0 = Release|Win32
		{7A724B5F-06EA-420A-8AF9-1B84FECAA5B4}.Debug|Win32.ActiveCfg = Debug|Win32
		{7A724B5F-06EA-420A-8AF9-1B84FECAA5B4}.Debug|Win32.Build.0 = Debug|Win32
		{7A724B5F-06EA-420A-8AF9-1B84FECAA5B4}.Release|Win32.ActiveCfg = Release|Win32
		{7A724B5F-06EA-420A-8AF9-1B84FECAA5B4}.Release|Win32.Build.0 = Release|Win32
		{574ED6DA-E8F7-40FD-8E50-7099139D3FA0}.Debug|Win32.ActiveCfg = Debug|Win32
		{574ED6DA-E8F7-40FD-8E50-7099139D3FA0}.Debug|Win32.Build.0 = Debug|Win32
		{574ED6DA-E8F7-40FD-8E50-7099139D3FA0}.Release|Win32.ActiveCfg = Release|Win32
		{574ED6DA-E8F7-40FD-8E50-7099139D3FA0}.Release|Win32.Build.0 = Release|Win32
	EndGlobalSection
	GlobalSection(SolutionProperties) = preSolution
		HideSolutionNode = FALSE
	EndGlobalSection
EndGlobal
