<?xml version="1.0" encoding="utf-8"?>
<Project ToolsVersion="4.0" xmlns="http://schemas.microsoft.com/developer/msbuild/2003">
  <ItemGroup>
    <Filter Include="Source Files">
      <UniqueIdentifier>{4FC737F1-C7A5-4376-A066-2A32D752A2FF}</UniqueIdentifier>
      <Extensions>cpp;c;cc;cxx;def;odl;idl;hpj;bat;asm;asmx</Extensions>
    </Filter>
    <Filter Include="Header Files">
      <UniqueIdentifier>{93995380-89BD-4b04-88EB-625FBE52EBFB}</UniqueIdentifier>
      <Extensions>h;hpp;hxx;hm;inl;inc;xsd</Extensions>
    </Filter>
    <Filter Include="Resource Files">
      <UniqueIdentifier>{67DA6AB6-F800-4c08-8B7A-83BB121AAD01}</UniqueIdentifier>
      <Extensions>rc;ico;cur;bmp;dlg;rc2;rct;bin;rgs;gif;jpg;jpeg;jpe;resx;tiff;tif;png;wav;mfcribbon-ms</Extensions>
    </Filter>
    <Filter Include="config">
      <UniqueIdentifier>{a7365e06-ac5d-4583-b8a0-cfe94d5580c7}</UniqueIdentifier>
    </Filter>
  </ItemGroup>
  <ItemGroup>
    <ClCompile Include="runner.cpp">
      <Filter>Source Files</Filter>
    </ClCompile>
    <ClCompile Include="PropertiesTest.cpp">
      <Filter>Source Files</Filter>
    </ClCompile>
    <ClCompile Include="resources\config\PhysxConfigurationFactoryTest.cpp">
      <Filter>Source Files</Filter>
    </ClCompile>
    <ClCompile Include="FiltersTest.cpp">
      <Filter>Source Files</Filter>
    </ClCompile>
    <ClCompile Include="ParticleLookupCacheTest.cpp">
      <Filter>Source Files</Filter>
    </ClCompile>
    <ClCompile Include="SurfaceExtractorTest.cpp">
      <Filter>Source Files</Filter>
    </ClCompile>
    <ClCompile Include="PolygonizerTest.cpp">
      <Filter>Source Files</Filter>
    </ClCompile>
    <ClCompile Include="TestUtils.cpp">
      <Filter>Source Files</Filter>
    </ClCompile>
    <ClCompile Include="SurfaceExtractorPerformanceTest.cpp">
      <Filter>Source Files</Filter>
    </ClCompile>
    <ClCompile Include="ParticleLookupCachePerformanceTest.cpp">
      <Filter>Source Files</Filter>
    </ClCompile>
  </ItemGroup>
  <ItemGroup>
    <None Include="resources\test_config\test1.cfg">
      <Filter>config</Filter>
    </None>
    <None Include="resources\test_config\emitter1.cfg">
      <Filter>config</Filter>
    </None>
    <None Include="resources\test_config\water1.cfg">
      <Filter>config</Filter>
    </None>
  </ItemGroup>
  <ItemGroup>
    <ClInclude Include="TestUtils.h">
      <Filter>Header Files</Filter>
    </ClInclude>
  </ItemGroup>
</Project>