<?xml version="1.0" encoding="utf-8"?>
<Project ToolsVersion="4.0" xmlns="http://schemas.microsoft.com/developer/msbuild/2003">
  <ItemGroup>
    <Filter Include="Source Files">
      <UniqueIdentifier>{4FC737F1-C7A5-4376-A066-2A32D752A2FF}</UniqueIdentifier>
      <Extensions>cpp;c;cc;cxx;def;odl;idl;hpj;bat;asm;asmx</Extensions>
    </Filter>
    <Filter Include="Header Files">
      <UniqueIdentifier>{93995380-89BD-4b04-88EB-625FBE52EBFB}</UniqueIdentifier>
      <Extensions>h;hpp;hxx;hm;inl;inc;xsd</Extensions>
    </Filter>
    <Filter Include="Resource Files">
      <UniqueIdentifier>{67DA6AB6-F800-4c08-8B7A-83BB121AAD01}</UniqueIdentifier>
      <Extensions>rc;ico;cur;bmp;dlg;rc2;rct;bin;rgs;gif;jpg;jpeg;jpe;resx;tiff;tif;png;wav;mfcribbon-ms</Extensions>
    </Filter>
    <Filter Include="config">
      <UniqueIdentifier>{6dc433f6-4abd-4df1-b058-7c638b8579a8}</UniqueIdentifier>
    </Filter>
    <Filter Include="shaders">
      <UniqueIdentifier>{439c16e4-64bb-43a4-8609-a5377346e7f2}</UniqueIdentifier>
    </Filter>
  </ItemGroup>
  <ItemGroup>
    <ClCompile Include="AbstractScene.cpp">
      <Filter>Source Files</Filter>
    </ClCompile>
    <ClCompile Include="BaseException.cpp">
      <Filter>Source Files</Filter>
    </ClCompile>
    <ClCompile Include="CameraFrame.cpp">
      <Filter>Source Files</Filter>
    </ClCompile>
    <ClCompile Include="ErrorStream.cpp">
      <Filter>Source Files</Filter>
    </ClCompile>
    <ClCompile Include="GfxStaticObject.cpp">
      <Filter>Source Files</Filter>
    </ClCompile>
    <ClCompile Include="physx_utils.cpp">
      <Filter>Source Files</Filter>
    </ClCompile>
    <ClCompile Include="Scene.cpp">
      <Filter>Source Files</Filter>
    </ClCompile>
    <ClCompile Include="ShaderProgram.cpp">
      <Filter>Source Files</Filter>
    </ClCompile>
    <ClCompile Include="ShapeFactory.cpp">
      <Filter>Source Files</Filter>
    </ClCompile>
    <ClCompile Include="Properties.cpp">
      <Filter>Source Files</Filter>
    </ClCompile>
    <ClCompile Include="MyFluid.cpp">
      <Filter>Source Files</Filter>
    </ClCompile>
    <ClCompile Include="FrameBuffer.cpp">
      <Filter>Source Files</Filter>
    </ClCompile>
    <ClCompile Include="Texture.cpp">
      <Filter>Source Files</Filter>
    </ClCompile>
    <ClCompile Include="ScreenQuad.cpp">
      <Filter>Source Files</Filter>
    </ClCompile>
    <ClCompile Include="filters.cpp">
      <Filter>Source Files</Filter>
    </ClCompile>
    <ClCompile Include="debug_utils.cpp">
      <Filter>Source Files</Filter>
    </ClCompile>
    <ClCompile Include="GfxObject.cpp">
      <Filter>Source Files</Filter>
    </ClCompile>
    <ClCompile Include="ConfigurationFactory.cpp">
      <Filter>Source Files</Filter>
    </ClCompile>
  </ItemGroup>
  <ItemGroup>
    <ClInclude Include="AbstractScene.h">
      <Filter>Header Files</Filter>
    </ClInclude>
    <ClInclude Include="BaseException.h">
      <Filter>Header Files</Filter>
    </ClInclude>
    <ClInclude Include="CameraFrame.h">
      <Filter>Header Files</Filter>
    </ClInclude>
    <ClInclude Include="ErrorStream.h">
      <Filter>Header Files</Filter>
    </ClInclude>
    <ClInclude Include="GfxStaticObject.h">
      <Filter>Header Files</Filter>
    </ClInclude>
    <ClInclude Include="physx_utils.h">
      <Filter>Header Files</Filter>
    </ClInclude>
    <ClInclude Include="Scene.h">
      <Filter>Header Files</Filter>
    </ClInclude>
    <ClInclude Include="ShaderProgram.h">
      <Filter>Header Files</Filter>
    </ClInclude>
    <ClInclude Include="ShapeFactory.h">
      <Filter>Header Files</Filter>
    </ClInclude>
    <ClInclude Include="Properties.h">
      <Filter>Header Files</Filter>
    </ClInclude>
    <ClInclude Include="MyFluid.h">
      <Filter>Header Files</Filter>
    </ClInclude>
    <ClInclude Include="FrameBuffer.h">
      <Filter>Header Files</Filter>
    </ClInclude>
    <ClInclude Include="debug_utils.h">
      <Filter>Header Files</Filter>
    </ClInclude>
    <ClInclude Include="Texture.h">
      <Filter>Header Files</Filter>
    </ClInclude>
    <ClInclude Include="data_types.h">
      <Filter>Header Files</Filter>
    </ClInclude>
    <ClInclude Include="ScreenQuad.h">
      <Filter>Header Files</Filter>
    </ClInclude>
    <ClInclude Include="NonCopyable.h">
      <Filter>Header Files</Filter>
    </ClInclude>
    <ClInclude Include="filters.h">
      <Filter>Header Files</Filter>
    </ClInclude>
    <ClInclude Include="GfxObject.h">
      <Filter>Header Files</Filter>
    </ClInclude>
    <ClInclude Include="ConfigurationFactory.h">
      <Filter>Header Files</Filter>
    </ClInclude>
  </ItemGroup>
  <ItemGroup>
    <None Include="resources\config\emitter1.cfg">
      <Filter>config</Filter>
    </None>
    <None Include="resources\config\sample.cfg">
      <Filter>config</Filter>
    </None>
    <None Include="resources\config\water1.cfg">
      <Filter>config</Filter>
    </None>
    <None Include="resources\config\extractor.cfg">
      <Filter>config</Filter>
    </None>
    <None Include="resources\shaders\bilateral_gauss_fragment.glsl">
      <Filter>shaders</Filter>
    </None>
    <None Include="resources\shaders\draw_image_fragment.glsl">
      <Filter>shaders</Filter>
    </None>
    <None Include="resources\shaders\draw_image2_fragment.glsl">
      <Filter>shaders</Filter>
    </None>
    <None Include="resources\shaders\final_stage_fragment.glsl">
      <Filter>shaders</Filter>
    </None>
    <None Include="resources\shaders\fragment.glsl">
      <Filter>shaders</Filter>
    </None>
    <None Include="resources\shaders\gaussian_blur_fragment.glsl">
      <Filter>shaders</Filter>
    </None>
    <None Include="resources\shaders\normalization_vertex.glsl">
      <Filter>shaders</Filter>
    </None>
    <None Include="resources\shaders\pass_through_vertex.glsl">
      <Filter>shaders</Filter>
    </None>
    <None Include="resources\shaders\screen_quad_vertex.glsl">
      <Filter>shaders</Filter>
    </None>
    <None Include="resources\shaders\separable_bilateral_gauss_fragment.glsl">
      <Filter>shaders</Filter>
    </None>
    <None Include="resources\shaders\skybox_fragment.glsl">
      <Filter>shaders</Filter>
    </None>
    <None Include="resources\shaders\skybox_vertex.glsl">
      <Filter>shaders</Filter>
    </None>
    <None Include="resources\shaders\vertex.glsl">
      <Filter>shaders</Filter>
    </None>
    <None Include="resources\shaders\water_depth_fragment.glsl">
      <Filter>shaders</Filter>
    </None>
    <None Include="resources\shaders\water_depth_vertex.glsl">
      <Filter>shaders</Filter>
    </None>
    <None Include="resources\shaders\water_shader_fragment.glsl">
      <Filter>shaders</Filter>
    </None>
    <None Include="resources\shaders\water_shader_vertex.glsl">
      <Filter>shaders</Filter>
    </None>
    <None Include="resources\shaders\water_surface_fragment.glsl">
      <Filter>shaders</Filter>
    </None>
    <None Include="resources\shaders\show_texture_grayscale_fragment.glsl">
      <Filter>shaders</Filter>
    </None>
    <None Include="resources\shaders\normal_map_fragment.glsl">
      <Filter>shaders</Filter>
    </None>
    <None Include="resources\shaders\normal_map_vertex.glsl">
      <Filter>shaders</Filter>
    </None>
    <None Include="resources\shaders\separable_bilateral_gauss_pointsize_fragment.glsl">
      <Filter>shaders</Filter>
    </None>
    <None Include="resources\shaders\edge_detection_fragment.glsl">
      <Filter>shaders</Filter>
    </None>
    <None Include="resources\shaders\curvature_flow_fragment.glsl">
      <Filter>shaders</Filter>
    </None>
  </ItemGroup>
</Project>